
Microsoft Visual Studio Solution File, Format Version 12.00
# Visual Studio Version 16
VisualStudioVersion = 16.0.31605.320
MinimumVisualStudioVersion = 10.0.40219.1
Project("{FAE04EC0-301F-11D3-BF4B-00C04F79EFBC}") = "Nez", "Nez.Portable\Nez.localMG38.NET5.csproj", "{07B61BA0-E711-4FE6-8B8A-C949E7D79A7D}"
EndProject
Global
	GlobalSection(SolutionConfigurationPlatforms) = preSolution
		Debug|Any CPU = Debug|Any CPU
		Release|Any CPU = Release|Any CPU
	EndGlobalSection
	GlobalSection(ProjectConfigurationPlatforms) = postSolution
		{07B61BA0-E711-4FE6-8B8A-C949E7D79A7D}.Debug|Any CPU.ActiveCfg = Debug|Any CPU
		{07B61BA0-E711-4FE6-8B8A-C949E7D79A7D}.Debug|Any CPU.Build.0 = Debug|Any CPU
		{07B61BA0-E711-4FE6-8B8A-C949E7D79A7D}.Release|Any CPU.ActiveCfg = Release|Any CPU
		{07B61BA0-E711-4FE6-8B8A-C949E7D79A7D}.Release|Any CPU.Build.0 = Release|Any CPU
	EndGlobalSection
	GlobalSection(SolutionProperties) = preSolution
		HideSolutionNode = FALSE
	EndGlobalSection
	GlobalSection(ExtensibilityGlobals) = postSolution
		SolutionGuid = {9B274289-D8C3-4A55-8D17-5292A9F4A1DE}
	EndGlobalSection
EndGlobal
